
Microsoft Visual Studio Solution File, Format Version 12.00
# Visual Studio 15
VisualStudioVersion = 15.0.26730.16
MinimumVisualStudioVersion = 10.0.40219.1
Project("{FAE04EC0-301F-11D3-BF4B-00C04F79EFBC}") = "WebApp_Ex_Prova_Lab2_092017", "WebApp_Ex_Prova_Lab2_092017\WebApp_Ex_Prova_Lab2_092017.csproj", "{262F12D8-8D62-4DED-B169-FF81552FAE55}"
EndProject
Global
	GlobalSection(SolutionConfigurationPlatforms) = preSolution
		Debug|Any CPU = Debug|Any CPU
		Release|Any CPU = Release|Any CPU
	EndGlobalSection
	GlobalSection(ProjectConfigurationPlatforms) = postSolution
		{262F12D8-8D62-4DED-B169-FF81552FAE55}.Debug|Any CPU.ActiveCfg = Debug|Any CPU
		{262F12D8-8D62-4DED-B169-FF81552FAE55}.Debug|Any CPU.Build.0 = Debug|Any CPU
		{262F12D8-8D62-4DED-B169-FF81552FAE55}.Release|Any CPU.ActiveCfg = Release|Any CPU
		{262F12D8-8D62-4DED-B169-FF81552FAE55}.Release|Any CPU.Build.0 = Release|Any CPU
	EndGlobalSection
	GlobalSection(SolutionProperties) = preSolution
		HideSolutionNode = FALSE
	EndGlobalSection
	GlobalSection(ExtensibilityGlobals) = postSolution
		SolutionGuid = {D06DA232-E3D0-4D59-8112-870F7697EFDC}
	EndGlobalSection
EndGlobal
